<Solution>
  <Folder Name="/src/">
    <Project Path="src\Overseer.ApiService\Overseer.ApiService.csproj" Type="Classic C#" />
    <Project Path="src\Overseer.AppHost\Overseer.AppHost.csproj" Type="Classic C#" />
    <Project Path="src\Overseer.ServiceDefaults\Overseer.ServiceDefaults.csproj" Type="Classic C#" />
    <Project Path="src\Overseer.Web\Overseer.Web.csproj" Type="Classic C#" />
  </Folder>
  <Folder Name="/tests/" />
</Solution>